
Microsoft Visual Studio Solution File, Format Version 12.00
# Visual Studio Version 16
VisualStudioVersion = 16.0.29509.3
MinimumVisualStudioVersion = 10.0.40219.1
Project("{9A19103F-16F7-4668-BE54-9A1E7A4F7556}") = "Supplier.WebApi", "Supplier.WebApi\Supplier.WebApi.csproj", "{A86D29C4-644D-463A-97C9-9F34FFE72D06}"
EndProject
Project("{9A19103F-16F7-4668-BE54-9A1E7A4F7556}") = "Utils", "Utils\Utils.csproj", "{BBAC07D5-E56D-4071-B79A-0D9A893FCEF2}"
EndProject
Project("{9A19103F-16F7-4668-BE54-9A1E7A4F7556}") = "Entity", "Entity\Entity.csproj", "{7A78844A-E3A8-4997-81C1-9FB268D82A42}"
EndProject
Project("{9A19103F-16F7-4668-BE54-9A1E7A4F7556}") = "LogicHandlers", "LogicHandlers\LogicHandlers.csproj", "{4BDCEF3C-D873-4642-B990-F54326827ADD}"
EndProject
Project("{9A19103F-16F7-4668-BE54-9A1E7A4F7556}") = "Repositories", "Repositories\Repositories.csproj", "{B9FCE696-4CF3-4B0B-91DC-82C63D639F61}"
EndProject
Project("{9A19103F-16F7-4668-BE54-9A1E7A4F7556}") = "Dtos", "Dtos\Dtos.csproj", "{C37C95D3-937B-4D4B-A130-4437811B3735}"
EndProject
Project("{2150E333-8FDC-42A3-9474-1A3956D46DE8}") = "Client", "Client", "{A55AFF3E-F10B-472B-AC0E-3AD27931A8E6}"
EndProject
Project("{2150E333-8FDC-42A3-9474-1A3956D46DE8}") = "Common", "Common", "{F6270764-47DC-47B6-92B2-C484169985F7}"
EndProject
Project("{2150E333-8FDC-42A3-9474-1A3956D46DE8}") = "Datas", "Datas", "{A7A976FF-7D34-44F4-818F-2BE013C3769A}"
EndProject
Project("{2150E333-8FDC-42A3-9474-1A3956D46DE8}") = "Tests", "Tests", "{76D81559-0136-4E96-8170-1E63364BA94C}"
EndProject
Project("{FAE04EC0-301F-11D3-BF4B-00C04F79EFBC}") = "Supplier.WebApi.Tests", "Supplier.WebApi.Tests\Supplier.WebApi.Tests.csproj", "{87B07382-ABF9-4E0D-8AB6-A8CE4528D654}"
EndProject
Global
	GlobalSection(SolutionConfigurationPlatforms) = preSolution
		Debug|Any CPU = Debug|Any CPU
		Release|Any CPU = Release|Any CPU
	EndGlobalSection
	GlobalSection(ProjectConfigurationPlatforms) = postSolution
		{A86D29C4-644D-463A-97C9-9F34FFE72D06}.Debug|Any CPU.ActiveCfg = Debug|Any CPU
		{A86D29C4-644D-463A-97C9-9F34FFE72D06}.Debug|Any CPU.Build.0 = Debug|Any CPU
		{A86D29C4-644D-463A-97C9-9F34FFE72D06}.Release|Any CPU.ActiveCfg = Release|Any CPU
		{A86D29C4-644D-463A-97C9-9F34FFE72D06}.Release|Any CPU.Build.0 = Release|Any CPU
		{BBAC07D5-E56D-4071-B79A-0D9A893FCEF2}.Debug|Any CPU.ActiveCfg = Debug|Any CPU
		{BBAC07D5-E56D-4071-B79A-0D9A893FCEF2}.Debug|Any CPU.Build.0 = Debug|Any CPU
		{BBAC07D5-E56D-4071-B79A-0D9A893FCEF2}.Release|Any CPU.ActiveCfg = Release|Any CPU
		{BBAC07D5-E56D-4071-B79A-0D9A893FCEF2}.Release|Any CPU.Build.0 = Release|Any CPU
		{7A78844A-E3A8-4997-81C1-9FB268D82A42}.Debug|Any CPU.ActiveCfg = Debug|Any CPU
		{7A78844A-E3A8-4997-81C1-9FB268D82A42}.Debug|Any CPU.Build.0 = Debug|Any CPU
		{7A78844A-E3A8-4997-81C1-9FB268D82A42}.Release|Any CPU.ActiveCfg = Release|Any CPU
		{7A78844A-E3A8-4997-81C1-9FB268D82A42}.Release|Any CPU.Build.0 = Release|Any CPU
		{4BDCEF3C-D873-4642-B990-F54326827ADD}.Debug|Any CPU.ActiveCfg = Debug|Any CPU
		{4BDCEF3C-D873-4642-B990-F54326827ADD}.Debug|Any CPU.Build.0 = Debug|Any CPU
		{4BDCEF3C-D873-4642-B990-F54326827ADD}.Release|Any CPU.ActiveCfg = Release|Any CPU
		{4BDCEF3C-D873-4642-B990-F54326827ADD}.Release|Any CPU.Build.0 = Release|Any CPU
		{B9FCE696-4CF3-4B0B-91DC-82C63D639F61}.Debug|Any CPU.ActiveCfg = Debug|Any CPU
		{B9FCE696-4CF3-4B0B-91DC-82C63D639F61}.Debug|Any CPU.Build.0 = Debug|Any CPU
		{B9FCE696-4CF3-4B0B-91DC-82C63D639F61}.Release|Any CPU.ActiveCfg = Release|Any CPU
		{B9FCE696-4CF3-4B0B-91DC-82C63D639F61}.Release|Any CPU.Build.0 = Release|Any CPU
		{C37C95D3-937B-4D4B-A130-4437811B3735}.Debug|Any CPU.ActiveCfg = Debug|Any CPU
		{C37C95D3-937B-4D4B-A130-4437811B3735}.Debug|Any CPU.Build.0 = Debug|Any CPU
		{C37C95D3-937B-4D4B-A130-4437811B3735}.Release|Any CPU.ActiveCfg = Release|Any CPU
		{C37C95D3-937B-4D4B-A130-4437811B3735}.Release|Any CPU.Build.0 = Release|Any CPU
		{87B07382-ABF9-4E0D-8AB6-A8CE4528D654}.Debug|Any CPU.ActiveCfg = Debug|Any CPU
		{87B07382-ABF9-4E0D-8AB6-A8CE4528D654}.Debug|Any CPU.Build.0 = Debug|Any CPU
		{87B07382-ABF9-4E0D-8AB6-A8CE4528D654}.Release|Any CPU.ActiveCfg = Release|Any CPU
		{87B07382-ABF9-4E0D-8AB6-A8CE4528D654}.Release|Any CPU.Build.0 = Release|Any CPU
	EndGlobalSection
	GlobalSection(SolutionProperties) = preSolution
		HideSolutionNode = FALSE
	EndGlobalSection
	GlobalSection(NestedProjects) = preSolution
		{A86D29C4-644D-463A-97C9-9F34FFE72D06} = {A55AFF3E-F10B-472B-AC0E-3AD27931A8E6}
		{BBAC07D5-E56D-4071-B79A-0D9A893FCEF2} = {F6270764-47DC-47B6-92B2-C484169985F7}
		{7A78844A-E3A8-4997-81C1-9FB268D82A42} = {A7A976FF-7D34-44F4-818F-2BE013C3769A}
		{4BDCEF3C-D873-4642-B990-F54326827ADD} = {A7A976FF-7D34-44F4-818F-2BE013C3769A}
		{B9FCE696-4CF3-4B0B-91DC-82C63D639F61} = {A7A976FF-7D34-44F4-818F-2BE013C3769A}
		{C37C95D3-937B-4D4B-A130-4437811B3735} = {A7A976FF-7D34-44F4-818F-2BE013C3769A}
		{87B07382-ABF9-4E0D-8AB6-A8CE4528D654} = {76D81559-0136-4E96-8170-1E63364BA94C}
	EndGlobalSection
	GlobalSection(ExtensibilityGlobals) = postSolution
		SolutionGuid = {D6A3C0A2-A6B1-4431-9CD7-D8BAF957AE18}
	EndGlobalSection
EndGlobal
